
Microsoft Visual Studio Solution File, Format Version 12.00
Project("{FAE04EC0-301F-11D3-BF4B-00C04F79EFBC}") = "clavideDor-blz", "clavideDor-blz\clavideDor-blz.csproj", "{EE0C90BC-9E9B-4EA5-B290-6402016299E2}"
EndProject
Global
	GlobalSection(SolutionConfigurationPlatforms) = preSolution
		Debug|Any CPU = Debug|Any CPU
		Release|Any CPU = Release|Any CPU
	EndGlobalSection
	GlobalSection(ProjectConfigurationPlatforms) = postSolution
		{EE0C90BC-9E9B-4EA5-B290-6402016299E2}.Debug|Any CPU.ActiveCfg = Debug|Any CPU
		{EE0C90BC-9E9B-4EA5-B290-6402016299E2}.Debug|Any CPU.Build.0 = Debug|Any CPU
		{EE0C90BC-9E9B-4EA5-B290-6402016299E2}.Release|Any CPU.ActiveCfg = Release|Any CPU
		{EE0C90BC-9E9B-4EA5-B290-6402016299E2}.Release|Any CPU.Build.0 = Release|Any CPU
	EndGlobalSection
EndGlobal
